
Microsoft Visual Studio Solution File, Format Version 12.00
# Visual Studio 2013
VisualStudioVersion = 12.0.30501.0
MinimumVisualStudioVersion = 10.0.40219.1
Project("{F184B08F-C81C-45F6-A57F-5ABD9991F28F}") = "PGGames", "WebApplication1\PGGames.vbproj", "{0713AE29-7255-4834-BD57-3F85C00C04D2}"
EndProject
Project("{2150E333-8FDC-42A3-9474-1A3956D46DE8}") = "PublishScripts", "PublishScripts", "{E88D3148-98B9-4C83-B16B-D1250E9742DF}"
	ProjectSection(SolutionItems) = preProject
		PublishScripts\AzureWebsitePublishModule.psm1 = PublishScripts\AzureWebsitePublishModule.psm1
		PublishScripts\Publish-WebApplicationWebsite.ps1 = PublishScripts\Publish-WebApplicationWebsite.ps1
	EndProjectSection
EndProject
Project("{2150E333-8FDC-42A3-9474-1A3956D46DE8}") = "Configurations", "Configurations", "{1B851448-5524-4BB8-9FEF-AC81415B465B}"
	ProjectSection(SolutionItems) = preProject
		PublishScripts\Configurations\WebApplication1-WAWS-dev.json = PublishScripts\Configurations\WebApplication1-WAWS-dev.json
	EndProjectSection
EndProject
Global
	GlobalSection(SolutionConfigurationPlatforms) = preSolution
		Debug|Any CPU = Debug|Any CPU
		Release|Any CPU = Release|Any CPU
	EndGlobalSection
	GlobalSection(ProjectConfigurationPlatforms) = postSolution
		{0713AE29-7255-4834-BD57-3F85C00C04D2}.Debug|Any CPU.ActiveCfg = Debug|Any CPU
		{0713AE29-7255-4834-BD57-3F85C00C04D2}.Debug|Any CPU.Build.0 = Debug|Any CPU
		{0713AE29-7255-4834-BD57-3F85C00C04D2}.Release|Any CPU.ActiveCfg = Release|Any CPU
		{0713AE29-7255-4834-BD57-3F85C00C04D2}.Release|Any CPU.Build.0 = Release|Any CPU
	EndGlobalSection
	GlobalSection(SolutionProperties) = preSolution
		HideSolutionNode = FALSE
	EndGlobalSection
	GlobalSection(NestedProjects) = preSolution
		{1B851448-5524-4BB8-9FEF-AC81415B465B} = {E88D3148-98B9-4C83-B16B-D1250E9742DF}
	EndGlobalSection
EndGlobal
